
Microsoft Visual Studio Solution File, Format Version 12.00
Project("{FAE04EC0-301F-11D3-BF4B-00C04F79EFBC}") = "FishClient", "FishClient\FishClient.csproj", "{C4B86F6E-15C1-4DF8-BA5B-863E4B2C3B99}"
EndProject
Global
	GlobalSection(SolutionConfigurationPlatforms) = preSolution
		Debug|Any CPU = Debug|Any CPU
		Release|Any CPU = Release|Any CPU
	EndGlobalSection
	GlobalSection(ProjectConfigurationPlatforms) = postSolution
		{C4B86F6E-15C1-4DF8-BA5B-863E4B2C3B99}.Debug|Any CPU.ActiveCfg = Debug|Any CPU
		{C4B86F6E-15C1-4DF8-BA5B-863E4B2C3B99}.Debug|Any CPU.Build.0 = Debug|Any CPU
		{C4B86F6E-15C1-4DF8-BA5B-863E4B2C3B99}.Release|Any CPU.ActiveCfg = Release|Any CPU
		{C4B86F6E-15C1-4DF8-BA5B-863E4B2C3B99}.Release|Any CPU.Build.0 = Release|Any CPU
	EndGlobalSection
EndGlobal
